// !$*UTF8*$!
{
	archiveVersion = 1;
	classes = {
	};
	objectVersion = 46;
	objects = {

/* Begin PBXBuildFile section */
		F7216A4E1AC328B6009D9C09 /* LayerTableViewController.m in Sources */ = {isa = PBXBuildFile; fileRef = F7216A4D1AC328B6009D9C09 /* LayerTableViewController.m */; };
		F7216A541AC354AC009D9C09 /* FavoritesTableViewController.m in Sources */ = {isa = PBXBuildFile; fileRef = F7216A531AC354AC009D9C09 /* FavoritesTableViewController.m */; };
		F7216A561AC358DD009D9C09 /* index.json in Resources */ = {isa = PBXBuildFile; fileRef = F7216A551AC358DD009D9C09 /* index.json */; };
		F721CFE11AC0B79B00EEA29C /* JMStatefulTableViewController.m in Sources */ = {isa = PBXBuildFile; fileRef = F721CFD41AC0B79B00EEA29C /* JMStatefulTableViewController.m */; };
		F721CFE21AC0B79B00EEA29C /* JMStatefulTableViewEmptyView.m in Sources */ = {isa = PBXBuildFile; fileRef = F721CFD61AC0B79B00EEA29C /* JMStatefulTableViewEmptyView.m */; };
		F721CFE31AC0B79B00EEA29C /* JMStatefulTableViewErrorView.m in Sources */ = {isa = PBXBuildFile; fileRef = F721CFD81AC0B79B00EEA29C /* JMStatefulTableViewErrorView.m */; };
		F721CFE41AC0B79B00EEA29C /* JMStatefulTableViewLoadingView.m in Sources */ = {isa = PBXBuildFile; fileRef = F721CFDA1AC0B79B00EEA29C /* JMStatefulTableViewLoadingView.m */; };
		F721CFE51AC0B79B00EEA29C /* UIScrollView+SVInfiniteScrolling.m in Sources */ = {isa = PBXBuildFile; fileRef = F721CFDE1AC0B79B00EEA29C /* UIScrollView+SVInfiniteScrolling.m */; };
		F721CFE61AC0B79B00EEA29C /* UIScrollView+SVPullToRefresh.m in Sources */ = {isa = PBXBuildFile; fileRef = F721CFE01AC0B79B00EEA29C /* UIScrollView+SVPullToRefresh.m */; };
		F721CFED1AC0B7A900EEA29C /* MainStoryboard.storyboard in Resources */ = {isa = PBXBuildFile; fileRef = F721CFE81AC0B7A900EEA29C /* MainStoryboard.storyboard */; };
		F721CFEE1AC0B7A900EEA29C /* WTResourceTableViewController.m in Sources */ = {isa = PBXBuildFile; fileRef = F721CFE91AC0B7A900EEA29C /* WTResourceTableViewController.m */; };
		F721CFEF1AC0B7A900EEA29C /* WTTableViewController.m in Sources */ = {isa = PBXBuildFile; fileRef = F721CFEB1AC0B7A900EEA29C /* WTTableViewController.m */; };
		F721CFF41AC0E04700EEA29C /* WMSTableViewController.m in Sources */ = {isa = PBXBuildFile; fileRef = F721CFF31AC0E04700EEA29C /* WMSTableViewController.m */; };
		F761F1911AB08F270072382A /* main.m in Sources */ = {isa = PBXBuildFile; fileRef = F761F1901AB08F270072382A /* main.m */; };
		F761F1941AB08F270072382A /* AppDelegate.m in Sources */ = {isa = PBXBuildFile; fileRef = F761F1931AB08F270072382A /* AppDelegate.m */; };
		F761F1971AB08F270072382A /* ViewController.m in Sources */ = {isa = PBXBuildFile; fileRef = F761F1961AB08F270072382A /* ViewController.m */; };
		F761F19A1AB08F270072382A /* Main.storyboard in Resources */ = {isa = PBXBuildFile; fileRef = F761F1981AB08F270072382A /* Main.storyboard */; };
		F761F19C1AB08F270072382A /* Images.xcassets in Resources */ = {isa = PBXBuildFile; fileRef = F761F19B1AB08F270072382A /* Images.xcassets */; };
		F761F19F1AB08F270072382A /* LaunchScreen.xib in Resources */ = {isa = PBXBuildFile; fileRef = F761F19D1AB08F270072382A /* LaunchScreen.xib */; };
		F761F1AB1AB08F270072382A /* WMSViewerTests.m in Sources */ = {isa = PBXBuildFile; fileRef = F761F1AA1AB08F270072382A /* WMSViewerTests.m */; };
		F7BC50F91AB090EE00AD5EFD /* libWhirlyGlobe-MaplyComponent.a in Frameworks */ = {isa = PBXBuildFile; fileRef = F7BC50F81AB090DA00AD5EFD /* libWhirlyGlobe-MaplyComponent.a */; };
		F7BC50FB1AB090FE00AD5EFD /* CoreLocation.framework in Frameworks */ = {isa = PBXBuildFile; fileRef = F7BC50FA1AB090FE00AD5EFD /* CoreLocation.framework */; };
		F7BC50FD1AB0910600AD5EFD /* libc++.dylib in Frameworks */ = {isa = PBXBuildFile; fileRef = F7BC50FC1AB0910600AD5EFD /* libc++.dylib */; };
		F7BC50FF1AB0910D00AD5EFD /* libz.dylib in Frameworks */ = {isa = PBXBuildFile; fileRef = F7BC50FE1AB0910D00AD5EFD /* libz.dylib */; };
		F7BC51011AB0911400AD5EFD /* libxml2.dylib in Frameworks */ = {isa = PBXBuildFile; fileRef = F7BC51001AB0911400AD5EFD /* libxml2.dylib */; };
		F7BC51031AB0911B00AD5EFD /* libsqlite3.dylib in Frameworks */ = {isa = PBXBuildFile; fileRef = F7BC51021AB0911B00AD5EFD /* libsqlite3.dylib */; };
		F7BC51081AB0935600AD5EFD /* geography-class_medres.mbtiles in Resources */ = {isa = PBXBuildFile; fileRef = F7BC51071AB0935600AD5EFD /* geography-class_medres.mbtiles */; };
		F7BC511D1AB098CA00AD5EFD /* AFHTTPRequestOperation.m in Sources */ = {isa = PBXBuildFile; fileRef = F7BC510B1AB098CA00AD5EFD /* AFHTTPRequestOperation.m */; };
		F7BC511E1AB098CA00AD5EFD /* AFHTTPRequestOperationManager.m in Sources */ = {isa = PBXBuildFile; fileRef = F7BC510D1AB098CA00AD5EFD /* AFHTTPRequestOperationManager.m */; };
		F7BC511F1AB098CA00AD5EFD /* AFHTTPSessionManager.m in Sources */ = {isa = PBXBuildFile; fileRef = F7BC510F1AB098CA00AD5EFD /* AFHTTPSessionManager.m */; };
		F7BC51201AB098CA00AD5EFD /* AFNetworkReachabilityManager.m in Sources */ = {isa = PBXBuildFile; fileRef = F7BC51121AB098CA00AD5EFD /* AFNetworkReachabilityManager.m */; };
		F7BC51211AB098CA00AD5EFD /* AFSecurityPolicy.m in Sources */ = {isa = PBXBuildFile; fileRef = F7BC51141AB098CA00AD5EFD /* AFSecurityPolicy.m */; };
		F7BC51221AB098CA00AD5EFD /* AFURLConnectionOperation.m in Sources */ = {isa = PBXBuildFile; fileRef = F7BC51161AB098CA00AD5EFD /* AFURLConnectionOperation.m */; };
		F7BC51231AB098CA00AD5EFD /* AFURLRequestSerialization.m in Sources */ = {isa = PBXBuildFile; fileRef = F7BC51181AB098CA00AD5EFD /* AFURLRequestSerialization.m */; };
		F7BC51241AB098CA00AD5EFD /* AFURLResponseSerialization.m in Sources */ = {isa = PBXBuildFile; fileRef = F7BC511A1AB098CA00AD5EFD /* AFURLResponseSerialization.m */; };
		F7BC51251AB098CA00AD5EFD /* AFURLSessionManager.m in Sources */ = {isa = PBXBuildFile; fileRef = F7BC511C1AB098CA00AD5EFD /* AFURLSessionManager.m */; };
		F7BC513D1AB09AC900AD5EFD /* CFNetwork.framework in Frameworks */ = {isa = PBXBuildFile; fileRef = F7BC513C1AB09AC900AD5EFD /* CFNetwork.framework */; };
		F7BC513F1AB09AE600AD5EFD /* Foundation.framework in Frameworks */ = {isa = PBXBuildFile; fileRef = F7BC513E1AB09AE600AD5EFD /* Foundation.framework */; };
/* End PBXBuildFile section */

/* Begin PBXContainerItemProxy section */
		F761F1A51AB08F270072382A /* PBXContainerItemProxy */ = {
			isa = PBXContainerItemProxy;
			containerPortal = F761F1831AB08F270072382A /* Project object */;
			proxyType = 1;
			remoteGlobalIDString = F761F18A1AB08F270072382A;
			remoteInfo = WMSViewer;
		};
		F7BC50F71AB090DA00AD5EFD /* PBXContainerItemProxy */ = {
			isa = PBXContainerItemProxy;
			containerPortal = F7BC50F21AB090DA00AD5EFD /* WhirlyGlobe-MaplyComponent.xcodeproj */;
			proxyType = 2;
			remoteGlobalIDString = 2B11E0DB15B4C030007AAE3F;
			remoteInfo = "WhirlyGlobe-MaplyComponent";
		};
/* End PBXContainerItemProxy section */

/* Begin PBXFileReference section */
		F7216A4C1AC328B6009D9C09 /* LayerTableViewController.h */ = {isa = PBXFileReference; fileEncoding = 4; lastKnownFileType = sourcecode.c.h; path = LayerTableViewController.h; sourceTree = "<group>"; };
		F7216A4D1AC328B6009D9C09 /* LayerTableViewController.m */ = {isa = PBXFileReference; fileEncoding = 4; lastKnownFileType = sourcecode.c.objc; path = LayerTableViewController.m; sourceTree = "<group>"; };
		F7216A521AC354AC009D9C09 /* FavoritesTableViewController.h */ = {isa = PBXFileReference; fileEncoding = 4; lastKnownFileType = sourcecode.c.h; path = FavoritesTableViewController.h; sourceTree = "<group>"; };
		F7216A531AC354AC009D9C09 /* FavoritesTableViewController.m */ = {isa = PBXFileReference; fileEncoding = 4; lastKnownFileType = sourcecode.c.objc; path = FavoritesTableViewController.m; sourceTree = "<group>"; };
		F7216A551AC358DD009D9C09 /* index.json */ = {isa = PBXFileReference; fileEncoding = 4; lastKnownFileType = text.json; path = index.json; sourceTree = "<group>"; };
		F721CFD31AC0B79B00EEA29C /* JMStatefulTableViewController.h */ = {isa = PBXFileReference; fileEncoding = 4; lastKnownFileType = sourcecode.c.h; path = JMStatefulTableViewController.h; sourceTree = "<group>"; };
		F721CFD41AC0B79B00EEA29C /* JMStatefulTableViewController.m */ = {isa = PBXFileReference; fileEncoding = 4; lastKnownFileType = sourcecode.c.objc; path = JMStatefulTableViewController.m; sourceTree = "<group>"; };
		F721CFD51AC0B79B00EEA29C /* JMStatefulTableViewEmptyView.h */ = {isa = PBXFileReference; fileEncoding = 4; lastKnownFileType = sourcecode.c.h; path = JMStatefulTableViewEmptyView.h; sourceTree = "<group>"; };
		F721CFD61AC0B79B00EEA29C /* JMStatefulTableViewEmptyView.m */ = {isa = PBXFileReference; fileEncoding = 4; lastKnownFileType = sourcecode.c.objc; path = JMStatefulTableViewEmptyView.m; sourceTree = "<group>"; };
		F721CFD71AC0B79B00EEA29C /* JMStatefulTableViewErrorView.h */ = {isa = PBXFileReference; fileEncoding = 4; lastKnownFileType = sourcecode.c.h; path = JMStatefulTableViewErrorView.h; sourceTree = "<group>"; };
		F721CFD81AC0B79B00EEA29C /* JMStatefulTableViewErrorView.m */ = {isa = PBXFileReference; fileEncoding = 4; lastKnownFileType = sourcecode.c.objc; path = JMStatefulTableViewErrorView.m; sourceTree = "<group>"; };
		F721CFD91AC0B79B00EEA29C /* JMStatefulTableViewLoadingView.h */ = {isa = PBXFileReference; fileEncoding = 4; lastKnownFileType = sourcecode.c.h; path = JMStatefulTableViewLoadingView.h; sourceTree = "<group>"; };
		F721CFDA1AC0B79B00EEA29C /* JMStatefulTableViewLoadingView.m */ = {isa = PBXFileReference; fileEncoding = 4; lastKnownFileType = sourcecode.c.objc; path = JMStatefulTableViewLoadingView.m; sourceTree = "<group>"; };
		F721CFDC1AC0B79B00EEA29C /* SVPullToRefresh.h */ = {isa = PBXFileReference; fileEncoding = 4; lastKnownFileType = sourcecode.c.h; path = SVPullToRefresh.h; sourceTree = "<group>"; };
		F721CFDD1AC0B79B00EEA29C /* UIScrollView+SVInfiniteScrolling.h */ = {isa = PBXFileReference; fileEncoding = 4; lastKnownFileType = sourcecode.c.h; path = "UIScrollView+SVInfiniteScrolling.h"; sourceTree = "<group>"; };
		F721CFDE1AC0B79B00EEA29C /* UIScrollView+SVInfiniteScrolling.m */ = {isa = PBXFileReference; fileEncoding = 4; lastKnownFileType = sourcecode.c.objc; path = "UIScrollView+SVInfiniteScrolling.m"; sourceTree = "<group>"; };
		F721CFDF1AC0B79B00EEA29C /* UIScrollView+SVPullToRefresh.h */ = {isa = PBXFileReference; fileEncoding = 4; lastKnownFileType = sourcecode.c.h; path = "UIScrollView+SVPullToRefresh.h"; sourceTree = "<group>"; };
		F721CFE01AC0B79B00EEA29C /* UIScrollView+SVPullToRefresh.m */ = {isa = PBXFileReference; fileEncoding = 4; lastKnownFileType = sourcecode.c.objc; path = "UIScrollView+SVPullToRefresh.m"; sourceTree = "<group>"; };
		F721CFE81AC0B7A900EEA29C /* MainStoryboard.storyboard */ = {isa = PBXFileReference; fileEncoding = 4; lastKnownFileType = file.storyboard; path = MainStoryboard.storyboard; sourceTree = "<group>"; };
		F721CFE91AC0B7A900EEA29C /* WTResourceTableViewController.m */ = {isa = PBXFileReference; fileEncoding = 4; lastKnownFileType = sourcecode.c.objc; path = WTResourceTableViewController.m; sourceTree = "<group>"; };
		F721CFEA1AC0B7A900EEA29C /* WTResourceTableViewController.h */ = {isa = PBXFileReference; fileEncoding = 4; lastKnownFileType = sourcecode.c.h; path = WTResourceTableViewController.h; sourceTree = "<group>"; };
		F721CFEB1AC0B7A900EEA29C /* WTTableViewController.m */ = {isa = PBXFileReference; fileEncoding = 4; lastKnownFileType = sourcecode.c.objc; path = WTTableViewController.m; sourceTree = "<group>"; };
		F721CFEC1AC0B7A900EEA29C /* WTTableViewController.h */ = {isa = PBXFileReference; fileEncoding = 4; lastKnownFileType = sourcecode.c.h; path = WTTableViewController.h; sourceTree = "<group>"; };
		F721CFF21AC0E04700EEA29C /* WMSTableViewController.h */ = {isa = PBXFileReference; fileEncoding = 4; lastKnownFileType = sourcecode.c.h; path = WMSTableViewController.h; sourceTree = "<group>"; };
		F721CFF31AC0E04700EEA29C /* WMSTableViewController.m */ = {isa = PBXFileReference; fileEncoding = 4; lastKnownFileType = sourcecode.c.objc; path = WMSTableViewController.m; sourceTree = "<group>"; };
		F761F18B1AB08F270072382A /* WMSViewer.app */ = {isa = PBXFileReference; explicitFileType = wrapper.application; includeInIndex = 0; path = WMSViewer.app; sourceTree = BUILT_PRODUCTS_DIR; };
		F761F18F1AB08F270072382A /* Info.plist */ = {isa = PBXFileReference; lastKnownFileType = text.plist.xml; path = Info.plist; sourceTree = "<group>"; };
		F761F1901AB08F270072382A /* main.m */ = {isa = PBXFileReference; lastKnownFileType = sourcecode.c.objc; path = main.m; sourceTree = "<group>"; };
		F761F1921AB08F270072382A /* AppDelegate.h */ = {isa = PBXFileReference; lastKnownFileType = sourcecode.c.h; path = AppDelegate.h; sourceTree = "<group>"; };
		F761F1931AB08F270072382A /* AppDelegate.m */ = {isa = PBXFileReference; lastKnownFileType = sourcecode.c.objc; path = AppDelegate.m; sourceTree = "<group>"; };
		F761F1951AB08F270072382A /* ViewController.h */ = {isa = PBXFileReference; lastKnownFileType = sourcecode.c.h; path = ViewController.h; sourceTree = "<group>"; };
		F761F1961AB08F270072382A /* ViewController.m */ = {isa = PBXFileReference; lastKnownFileType = sourcecode.c.objc; path = ViewController.m; sourceTree = "<group>"; };
		F761F1991AB08F270072382A /* Base */ = {isa = PBXFileReference; lastKnownFileType = file.storyboard; name = Base; path = Base.lproj/Main.storyboard; sourceTree = "<group>"; };
		F761F19B1AB08F270072382A /* Images.xcassets */ = {isa = PBXFileReference; lastKnownFileType = folder.assetcatalog; path = Images.xcassets; sourceTree = "<group>"; };
		F761F19E1AB08F270072382A /* Base */ = {isa = PBXFileReference; lastKnownFileType = file.xib; name = Base; path = Base.lproj/LaunchScreen.xib; sourceTree = "<group>"; };
		F761F1A41AB08F270072382A /* WMSViewerTests.xctest */ = {isa = PBXFileReference; explicitFileType = wrapper.cfbundle; includeInIndex = 0; path = WMSViewerTests.xctest; sourceTree = BUILT_PRODUCTS_DIR; };
		F761F1A91AB08F270072382A /* Info.plist */ = {isa = PBXFileReference; lastKnownFileType = text.plist.xml; path = Info.plist; sourceTree = "<group>"; };
		F761F1AA1AB08F270072382A /* WMSViewerTests.m */ = {isa = PBXFileReference; lastKnownFileType = sourcecode.c.objc; path = WMSViewerTests.m; sourceTree = "<group>"; };
		F7BC50F21AB090DA00AD5EFD /* WhirlyGlobe-MaplyComponent.xcodeproj */ = {isa = PBXFileReference; lastKnownFileType = "wrapper.pb-project"; name = "WhirlyGlobe-MaplyComponent.xcodeproj"; path = "libs/WhirlyGlobeMaply/WhirlyGlobeSrc/WhirlyGlobe-MaplyComponent/WhirlyGlobe-MaplyComponent.xcodeproj"; sourceTree = "<group>"; };
		F7BC50FA1AB090FE00AD5EFD /* CoreLocation.framework */ = {isa = PBXFileReference; lastKnownFileType = wrapper.framework; name = CoreLocation.framework; path = System/Library/Frameworks/CoreLocation.framework; sourceTree = SDKROOT; };
		F7BC50FC1AB0910600AD5EFD /* libc++.dylib */ = {isa = PBXFileReference; lastKnownFileType = "compiled.mach-o.dylib"; name = "libc++.dylib"; path = "usr/lib/libc++.dylib"; sourceTree = SDKROOT; };
		F7BC50FE1AB0910D00AD5EFD /* libz.dylib */ = {isa = PBXFileReference; lastKnownFileType = "compiled.mach-o.dylib"; name = libz.dylib; path = usr/lib/libz.dylib; sourceTree = SDKROOT; };
		F7BC51001AB0911400AD5EFD /* libxml2.dylib */ = {isa = PBXFileReference; lastKnownFileType = "compiled.mach-o.dylib"; name = libxml2.dylib; path = usr/lib/libxml2.dylib; sourceTree = SDKROOT; };
		F7BC51021AB0911B00AD5EFD /* libsqlite3.dylib */ = {isa = PBXFileReference; lastKnownFileType = "compiled.mach-o.dylib"; name = libsqlite3.dylib; path = usr/lib/libsqlite3.dylib; sourceTree = SDKROOT; };
		F7BC51071AB0935600AD5EFD /* geography-class_medres.mbtiles */ = {isa = PBXFileReference; lastKnownFileType = file; name = "geography-class_medres.mbtiles"; path = "libs/WhirlyGlobeMaply/resources/base_maps/geography-class_medres.mbtiles"; sourceTree = SOURCE_ROOT; };
		F7BC510A1AB098CA00AD5EFD /* AFHTTPRequestOperation.h */ = {isa = PBXFileReference; fileEncoding = 4; lastKnownFileType = sourcecode.c.h; path = AFHTTPRequestOperation.h; sourceTree = "<group>"; };
		F7BC510B1AB098CA00AD5EFD /* AFHTTPRequestOperation.m */ = {isa = PBXFileReference; fileEncoding = 4; lastKnownFileType = sourcecode.c.objc; path = AFHTTPRequestOperation.m; sourceTree = "<group>"; };
		F7BC510C1AB098CA00AD5EFD /* AFHTTPRequestOperationManager.h */ = {isa = PBXFileReference; fileEncoding = 4; lastKnownFileType = sourcecode.c.h; path = AFHTTPRequestOperationManager.h; sourceTree = "<group>"; };
		F7BC510D1AB098CA00AD5EFD /* AFHTTPRequestOperationManager.m */ = {isa = PBXFileReference; fileEncoding = 4; lastKnownFileType = sourcecode.c.objc; path = AFHTTPRequestOperationManager.m; sourceTree = "<group>"; };
		F7BC510E1AB098CA00AD5EFD /* AFHTTPSessionManager.h */ = {isa = PBXFileReference; fileEncoding = 4; lastKnownFileType = sourcecode.c.h; path = AFHTTPSessionManager.h; sourceTree = "<group>"; };
		F7BC510F1AB098CA00AD5EFD /* AFHTTPSessionManager.m */ = {isa = PBXFileReference; fileEncoding = 4; lastKnownFileType = sourcecode.c.objc; path = AFHTTPSessionManager.m; sourceTree = "<group>"; };
		F7BC51101AB098CA00AD5EFD /* AFNetworking.h */ = {isa = PBXFileReference; fileEncoding = 4; lastKnownFileType = sourcecode.c.h; path = AFNetworking.h; sourceTree = "<group>"; };
		F7BC51111AB098CA00AD5EFD /* AFNetworkReachabilityManager.h */ = {isa = PBXFileReference; fileEncoding = 4; lastKnownFileType = sourcecode.c.h; path = AFNetworkReachabilityManager.h; sourceTree = "<group>"; };
		F7BC51121AB098CA00AD5EFD /* AFNetworkReachabilityManager.m */ = {isa = PBXFileReference; fileEncoding = 4; lastKnownFileType = sourcecode.c.objc; path = AFNetworkReachabilityManager.m; sourceTree = "<group>"; };
		F7BC51131AB098CA00AD5EFD /* AFSecurityPolicy.h */ = {isa = PBXFileReference; fileEncoding = 4; lastKnownFileType = sourcecode.c.h; path = AFSecurityPolicy.h; sourceTree = "<group>"; };
		F7BC51141AB098CA00AD5EFD /* AFSecurityPolicy.m */ = {isa = PBXFileReference; fileEncoding = 4; lastKnownFileType = sourcecode.c.objc; path = AFSecurityPolicy.m; sourceTree = "<group>"; };
		F7BC51151AB098CA00AD5EFD /* AFURLConnectionOperation.h */ = {isa = PBXFileReference; fileEncoding = 4; lastKnownFileType = sourcecode.c.h; path = AFURLConnectionOperation.h; sourceTree = "<group>"; };
		F7BC51161AB098CA00AD5EFD /* AFURLConnectionOperation.m */ = {isa = PBXFileReference; fileEncoding = 4; lastKnownFileType = sourcecode.c.objc; path = AFURLConnectionOperation.m; sourceTree = "<group>"; };
		F7BC51171AB098CA00AD5EFD /* AFURLRequestSerialization.h */ = {isa = PBXFileReference; fileEncoding = 4; lastKnownFileType = sourcecode.c.h; path = AFURLRequestSerialization.h; sourceTree = "<group>"; };
		F7BC51181AB098CA00AD5EFD /* AFURLRequestSerialization.m */ = {isa = PBXFileReference; fileEncoding = 4; lastKnownFileType = sourcecode.c.objc; path = AFURLRequestSerialization.m; sourceTree = "<group>"; };
		F7BC51191AB098CA00AD5EFD /* AFURLResponseSerialization.h */ = {isa = PBXFileReference; fileEncoding = 4; lastKnownFileType = sourcecode.c.h; path = AFURLResponseSerialization.h; sourceTree = "<group>"; };
		F7BC511A1AB098CA00AD5EFD /* AFURLResponseSerialization.m */ = {isa = PBXFileReference; fileEncoding = 4; lastKnownFileType = sourcecode.c.objc; path = AFURLResponseSerialization.m; sourceTree = "<group>"; };
		F7BC511B1AB098CA00AD5EFD /* AFURLSessionManager.h */ = {isa = PBXFileReference; fileEncoding = 4; lastKnownFileType = sourcecode.c.h; path = AFURLSessionManager.h; sourceTree = "<group>"; };
		F7BC511C1AB098CA00AD5EFD /* AFURLSessionManager.m */ = {isa = PBXFileReference; fileEncoding = 4; lastKnownFileType = sourcecode.c.objc; path = AFURLSessionManager.m; sourceTree = "<group>"; };
		F7BC513C1AB09AC900AD5EFD /* CFNetwork.framework */ = {isa = PBXFileReference; lastKnownFileType = wrapper.framework; name = CFNetwork.framework; path = System/Library/Frameworks/CFNetwork.framework; sourceTree = SDKROOT; };
		F7BC513E1AB09AE600AD5EFD /* Foundation.framework */ = {isa = PBXFileReference; lastKnownFileType = wrapper.framework; name = Foundation.framework; path = System/Library/Frameworks/Foundation.framework; sourceTree = SDKROOT; };
/* End PBXFileReference section */

/* Begin PBXFrameworksBuildPhase section */
		F761F1881AB08F270072382A /* Frameworks */ = {
			isa = PBXFrameworksBuildPhase;
			buildActionMask = 2147483647;
			files = (
				F7BC513F1AB09AE600AD5EFD /* Foundation.framework in Frameworks */,
				F7BC513D1AB09AC900AD5EFD /* CFNetwork.framework in Frameworks */,
				F7BC51031AB0911B00AD5EFD /* libsqlite3.dylib in Frameworks */,
				F7BC51011AB0911400AD5EFD /* libxml2.dylib in Frameworks */,
				F7BC50FF1AB0910D00AD5EFD /* libz.dylib in Frameworks */,
				F7BC50FD1AB0910600AD5EFD /* libc++.dylib in Frameworks */,
				F7BC50FB1AB090FE00AD5EFD /* CoreLocation.framework in Frameworks */,
				F7BC50F91AB090EE00AD5EFD /* libWhirlyGlobe-MaplyComponent.a in Frameworks */,
			);
			runOnlyForDeploymentPostprocessing = 0;
		};
		F761F1A11AB08F270072382A /* Frameworks */ = {
			isa = PBXFrameworksBuildPhase;
			buildActionMask = 2147483647;
			files = (
			);
			runOnlyForDeploymentPostprocessing = 0;
		};
/* End PBXFrameworksBuildPhase section */

/* Begin PBXGroup section */
		F721CFD21AC0B79B00EEA29C /* JMStatefulTableViewController */ = {
			isa = PBXGroup;
			children = (
				F721CFD31AC0B79B00EEA29C /* JMStatefulTableViewController.h */,
				F721CFD41AC0B79B00EEA29C /* JMStatefulTableViewController.m */,
				F721CFD51AC0B79B00EEA29C /* JMStatefulTableViewEmptyView.h */,
				F721CFD61AC0B79B00EEA29C /* JMStatefulTableViewEmptyView.m */,
				F721CFD71AC0B79B00EEA29C /* JMStatefulTableViewErrorView.h */,
				F721CFD81AC0B79B00EEA29C /* JMStatefulTableViewErrorView.m */,
				F721CFD91AC0B79B00EEA29C /* JMStatefulTableViewLoadingView.h */,
				F721CFDA1AC0B79B00EEA29C /* JMStatefulTableViewLoadingView.m */,
			);
			path = JMStatefulTableViewController;
			sourceTree = "<group>";
		};
		F721CFDB1AC0B79B00EEA29C /* SVPullToRefresh */ = {
			isa = PBXGroup;
			children = (
				F721CFDC1AC0B79B00EEA29C /* SVPullToRefresh.h */,
				F721CFDD1AC0B79B00EEA29C /* UIScrollView+SVInfiniteScrolling.h */,
				F721CFDE1AC0B79B00EEA29C /* UIScrollView+SVInfiniteScrolling.m */,
				F721CFDF1AC0B79B00EEA29C /* UIScrollView+SVPullToRefresh.h */,
				F721CFE01AC0B79B00EEA29C /* UIScrollView+SVPullToRefresh.m */,
			);
			path = SVPullToRefresh;
			sourceTree = "<group>";
		};
		F761F1821AB08F270072382A = {
			isa = PBXGroup;
			children = (
				F7BC513E1AB09AE600AD5EFD /* Foundation.framework */,
				F7BC513C1AB09AC900AD5EFD /* CFNetwork.framework */,
				F7BC51021AB0911B00AD5EFD /* libsqlite3.dylib */,
				F7BC51001AB0911400AD5EFD /* libxml2.dylib */,
				F7BC50FE1AB0910D00AD5EFD /* libz.dylib */,
				F7BC50FC1AB0910600AD5EFD /* libc++.dylib */,
				F7BC50FA1AB090FE00AD5EFD /* CoreLocation.framework */,
				F7BC50F21AB090DA00AD5EFD /* WhirlyGlobe-MaplyComponent.xcodeproj */,
				F761F18D1AB08F270072382A /* WMSViewer */,
				F761F1A71AB08F270072382A /* WMSViewerTests */,
				F761F18C1AB08F270072382A /* Products */,
			);
			sourceTree = "<group>";
		};
		F761F18C1AB08F270072382A /* Products */ = {
			isa = PBXGroup;
			children = (
				F761F18B1AB08F270072382A /* WMSViewer.app */,
				F761F1A41AB08F270072382A /* WMSViewerTests.xctest */,
			);
			name = Products;
			sourceTree = "<group>";
		};
		F761F18D1AB08F270072382A /* WMSViewer */ = {
			isa = PBXGroup;
			children = (
				F721CFE81AC0B7A900EEA29C /* MainStoryboard.storyboard */,
				F7216A521AC354AC009D9C09 /* FavoritesTableViewController.h */,
				F7216A531AC354AC009D9C09 /* FavoritesTableViewController.m */,
				F7216A4C1AC328B6009D9C09 /* LayerTableViewController.h */,
				F7216A4D1AC328B6009D9C09 /* LayerTableViewController.m */,
				F721CFF21AC0E04700EEA29C /* WMSTableViewController.h */,
				F721CFF31AC0E04700EEA29C /* WMSTableViewController.m */,
				F721CFEA1AC0B7A900EEA29C /* WTResourceTableViewController.h */,
				F721CFE91AC0B7A900EEA29C /* WTResourceTableViewController.m */,
				F721CFEB1AC0B7A900EEA29C /* WTTableViewController.m */,
				F721CFEC1AC0B7A900EEA29C /* WTTableViewController.h */,
				F761F1951AB08F270072382A /* ViewController.h */,
				F761F1961AB08F270072382A /* ViewController.m */,
				F721CFD21AC0B79B00EEA29C /* JMStatefulTableViewController */,
				F721CFDB1AC0B79B00EEA29C /* SVPullToRefresh */,
				F7BC51091AB098CA00AD5EFD /* AFNetworking */,
				F7BC51041AB0930100AD5EFD /* Resources */,
				F761F1921AB08F270072382A /* AppDelegate.h */,
				F761F1931AB08F270072382A /* AppDelegate.m */,
				F761F1981AB08F270072382A /* Main.storyboard */,
				F761F19B1AB08F270072382A /* Images.xcassets */,
				F761F19D1AB08F270072382A /* LaunchScreen.xib */,
				F761F18E1AB08F270072382A /* Supporting Files */,
			);
			path = WMSViewer;
			sourceTree = "<group>";
		};
		F761F18E1AB08F270072382A /* Supporting Files */ = {
			isa = PBXGroup;
			children = (
				F761F18F1AB08F270072382A /* Info.plist */,
				F761F1901AB08F270072382A /* main.m */,
			);
			name = "Supporting Files";
			sourceTree = "<group>";
		};
		F761F1A71AB08F270072382A /* WMSViewerTests */ = {
			isa = PBXGroup;
			children = (
				F761F1AA1AB08F270072382A /* WMSViewerTests.m */,
				F761F1A81AB08F270072382A /* Supporting Files */,
			);
			path = WMSViewerTests;
			sourceTree = "<group>";
		};
		F761F1A81AB08F270072382A /* Supporting Files */ = {
			isa = PBXGroup;
			children = (
				F761F1A91AB08F270072382A /* Info.plist */,
			);
			name = "Supporting Files";
			sourceTree = "<group>";
		};
		F7BC50F31AB090DA00AD5EFD /* Products */ = {
			isa = PBXGroup;
			children = (
				F7BC50F81AB090DA00AD5EFD /* libWhirlyGlobe-MaplyComponent.a */,
			);
			name = Products;
			sourceTree = "<group>";
		};
		F7BC51041AB0930100AD5EFD /* Resources */ = {
			isa = PBXGroup;
			children = (
				F7BC51071AB0935600AD5EFD /* geography-class_medres.mbtiles */,
				F7216A551AC358DD009D9C09 /* index.json */,
			);
			name = Resources;
			sourceTree = "<group>";
		};
		F7BC51091AB098CA00AD5EFD /* AFNetworking */ = {
			isa = PBXGroup;
			children = (
				F7BC510A1AB098CA00AD5EFD /* AFHTTPRequestOperation.h */,
				F7BC510B1AB098CA00AD5EFD /* AFHTTPRequestOperation.m */,
				F7BC510C1AB098CA00AD5EFD /* AFHTTPRequestOperationManager.h */,
				F7BC510D1AB098CA00AD5EFD /* AFHTTPRequestOperationManager.m */,
				F7BC510E1AB098CA00AD5EFD /* AFHTTPSessionManager.h */,
				F7BC510F1AB098CA00AD5EFD /* AFHTTPSessionManager.m */,
				F7BC51101AB098CA00AD5EFD /* AFNetworking.h */,
				F7BC51111AB098CA00AD5EFD /* AFNetworkReachabilityManager.h */,
				F7BC51121AB098CA00AD5EFD /* AFNetworkReachabilityManager.m */,
				F7BC51131AB098CA00AD5EFD /* AFSecurityPolicy.h */,
				F7BC51141AB098CA00AD5EFD /* AFSecurityPolicy.m */,
				F7BC51151AB098CA00AD5EFD /* AFURLConnectionOperation.h */,
				F7BC51161AB098CA00AD5EFD /* AFURLConnectionOperation.m */,
				F7BC51171AB098CA00AD5EFD /* AFURLRequestSerialization.h */,
				F7BC51181AB098CA00AD5EFD /* AFURLRequestSerialization.m */,
				F7BC51191AB098CA00AD5EFD /* AFURLResponseSerialization.h */,
				F7BC511A1AB098CA00AD5EFD /* AFURLResponseSerialization.m */,
				F7BC511B1AB098CA00AD5EFD /* AFURLSessionManager.h */,
				F7BC511C1AB098CA00AD5EFD /* AFURLSessionManager.m */,
			);
			name = AFNetworking;
			path = "libs/WhirlyGlobeMaply/third-party/AFNetworking/AFNetworking";
			sourceTree = SOURCE_ROOT;
		};
/* End PBXGroup section */

/* Begin PBXNativeTarget section */
		F761F18A1AB08F270072382A /* WMSViewer */ = {
			isa = PBXNativeTarget;
			buildConfigurationList = F761F1AE1AB08F270072382A /* Build configuration list for PBXNativeTarget "WMSViewer" */;
			buildPhases = (
				F761F1871AB08F270072382A /* Sources */,
				F761F1881AB08F270072382A /* Frameworks */,
				F761F1891AB08F270072382A /* Resources */,
			);
			buildRules = (
			);
			dependencies = (
			);
			name = WMSViewer;
			productName = WMSViewer;
			productReference = F761F18B1AB08F270072382A /* WMSViewer.app */;
			productType = "com.apple.product-type.application";
		};
		F761F1A31AB08F270072382A /* WMSViewerTests */ = {
			isa = PBXNativeTarget;
			buildConfigurationList = F761F1B11AB08F270072382A /* Build configuration list for PBXNativeTarget "WMSViewerTests" */;
			buildPhases = (
				F761F1A01AB08F270072382A /* Sources */,
				F761F1A11AB08F270072382A /* Frameworks */,
				F761F1A21AB08F270072382A /* Resources */,
			);
			buildRules = (
			);
			dependencies = (
				F761F1A61AB08F270072382A /* PBXTargetDependency */,
			);
			name = WMSViewerTests;
			productName = WMSViewerTests;
			productReference = F761F1A41AB08F270072382A /* WMSViewerTests.xctest */;
			productType = "com.apple.product-type.bundle.unit-test";
		};
/* End PBXNativeTarget section */

/* Begin PBXProject section */
		F761F1831AB08F270072382A /* Project object */ = {
			isa = PBXProject;
			attributes = {
				LastUpgradeCheck = 0610;
				ORGANIZATIONNAME = "Alan Steremberg";
				TargetAttributes = {
					F761F18A1AB08F270072382A = {
						CreatedOnToolsVersion = 6.1.1;
						DevelopmentTeam = 6KLGQUFF42;
					};
					F761F1A31AB08F270072382A = {
						CreatedOnToolsVersion = 6.1.1;
						TestTargetID = F761F18A1AB08F270072382A;
					};
				};
			};
			buildConfigurationList = F761F1861AB08F270072382A /* Build configuration list for PBXProject "WMSViewer" */;
			compatibilityVersion = "Xcode 3.2";
			developmentRegion = English;
			hasScannedForEncodings = 0;
			knownRegions = (
				en,
				Base,
			);
			mainGroup = F761F1821AB08F270072382A;
			productRefGroup = F761F18C1AB08F270072382A /* Products */;
			projectDirPath = "";
			projectReferences = (
				{
					ProductGroup = F7BC50F31AB090DA00AD5EFD /* Products */;
					ProjectRef = F7BC50F21AB090DA00AD5EFD /* WhirlyGlobe-MaplyComponent.xcodeproj */;
				},
			);
			projectRoot = "";
			targets = (
				F761F18A1AB08F270072382A /* WMSViewer */,
				F761F1A31AB08F270072382A /* WMSViewerTests */,
			);
		};
/* End PBXProject section */

/* Begin PBXReferenceProxy section */
		F7BC50F81AB090DA00AD5EFD /* libWhirlyGlobe-MaplyComponent.a */ = {
			isa = PBXReferenceProxy;
			fileType = archive.ar;
			path = "libWhirlyGlobe-MaplyComponent.a";
			remoteRef = F7BC50F71AB090DA00AD5EFD /* PBXContainerItemProxy */;
			sourceTree = BUILT_PRODUCTS_DIR;
		};
/* End PBXReferenceProxy section */

/* Begin PBXResourcesBuildPhase section */
		F761F1891AB08F270072382A /* Resources */ = {
			isa = PBXResourcesBuildPhase;
			buildActionMask = 2147483647;
			files = (
				F7216A561AC358DD009D9C09 /* index.json in Resources */,
				F7BC51081AB0935600AD5EFD /* geography-class_medres.mbtiles in Resources */,
				F721CFED1AC0B7A900EEA29C /* MainStoryboard.storyboard in Resources */,
				F761F19A1AB08F270072382A /* Main.storyboard in Resources */,
				F761F19F1AB08F270072382A /* LaunchScreen.xib in Resources */,
				F761F19C1AB08F270072382A /* Images.xcassets in Resources */,
			);
			runOnlyForDeploymentPostprocessing = 0;
		};
		F761F1A21AB08F270072382A /* Resources */ = {
			isa = PBXResourcesBuildPhase;
			buildActionMask = 2147483647;
			files = (
			);
			runOnlyForDeploymentPostprocessing = 0;
		};
/* End PBXResourcesBuildPhase section */

/* Begin PBXSourcesBuildPhase section */
		F761F1871AB08F270072382A /* Sources */ = {
			isa = PBXSourcesBuildPhase;
			buildActionMask = 2147483647;
			files = (
				F721CFEF1AC0B7A900EEA29C /* WTTableViewController.m in Sources */,
				F7BC511D1AB098CA00AD5EFD /* AFHTTPRequestOperation.m in Sources */,
				F761F1971AB08F270072382A /* ViewController.m in Sources */,
				F7BC511E1AB098CA00AD5EFD /* AFHTTPRequestOperationManager.m in Sources */,
				F7BC51201AB098CA00AD5EFD /* AFNetworkReachabilityManager.m in Sources */,
				F721CFF41AC0E04700EEA29C /* WMSTableViewController.m in Sources */,
				F7BC51241AB098CA00AD5EFD /* AFURLResponseSerialization.m in Sources */,
				F7216A4E1AC328B6009D9C09 /* LayerTableViewController.m in Sources */,
				F7216A541AC354AC009D9C09 /* FavoritesTableViewController.m in Sources */,
				F721CFE11AC0B79B00EEA29C /* JMStatefulTableViewController.m in Sources */,
				F7BC51221AB098CA00AD5EFD /* AFURLConnectionOperation.m in Sources */,
				F7BC51211AB098CA00AD5EFD /* AFSecurityPolicy.m in Sources */,
				F7BC511F1AB098CA00AD5EFD /* AFHTTPSessionManager.m in Sources */,
				F721CFE21AC0B79B00EEA29C /* JMStatefulTableViewEmptyView.m in Sources */,
				F7BC51231AB098CA00AD5EFD /* AFURLRequestSerialization.m in Sources */,
				F7BC51251AB098CA00AD5EFD /* AFURLSessionManager.m in Sources */,
				F721CFE41AC0B79B00EEA29C /* JMStatefulTableViewLoadingView.m in Sources */,
				F761F1941AB08F270072382A /* AppDelegate.m in Sources */,
				F721CFE61AC0B79B00EEA29C /* UIScrollView+SVPullToRefresh.m in Sources */,
				F721CFEE1AC0B7A900EEA29C /* WTResourceTableViewController.m in Sources */,
				F761F1911AB08F270072382A /* main.m in Sources */,
				F721CFE31AC0B79B00EEA29C /* JMStatefulTableViewErrorView.m in Sources */,
				F721CFE51AC0B79B00EEA29C /* UIScrollView+SVInfiniteScrolling.m in Sources */,
			);
			runOnlyForDeploymentPostprocessing = 0;
		};
		F761F1A01AB08F270072382A /* Sources */ = {
			isa = PBXSourcesBuildPhase;
			buildActionMask = 2147483647;
			files = (
				F761F1AB1AB08F270072382A /* WMSViewerTests.m in Sources */,
			);
			runOnlyForDeploymentPostprocessing = 0;
		};
/* End PBXSourcesBuildPhase section */

/* Begin PBXTargetDependency section */
		F761F1A61AB08F270072382A /* PBXTargetDependency */ = {
			isa = PBXTargetDependency;
			target = F761F18A1AB08F270072382A /* WMSViewer */;
			targetProxy = F761F1A51AB08F270072382A /* PBXContainerItemProxy */;
		};
/* End PBXTargetDependency section */

/* Begin PBXVariantGroup section */
		F761F1981AB08F270072382A /* Main.storyboard */ = {
			isa = PBXVariantGroup;
			children = (
				F761F1991AB08F270072382A /* Base */,
			);
			name = Main.storyboard;
			sourceTree = "<group>";
		};
		F761F19D1AB08F270072382A /* LaunchScreen.xib */ = {
			isa = PBXVariantGroup;
			children = (
				F761F19E1AB08F270072382A /* Base */,
			);
			name = LaunchScreen.xib;
			sourceTree = "<group>";
		};
/* End PBXVariantGroup section */

/* Begin XCBuildConfiguration section */
		F761F1AC1AB08F270072382A /* Debug */ = {
			isa = XCBuildConfiguration;
			buildSettings = {
				ALWAYS_SEARCH_USER_PATHS = NO;
				CLANG_CXX_LANGUAGE_STANDARD = "gnu++0x";
				CLANG_CXX_LIBRARY = "libc++";
				CLANG_ENABLE_MODULES = YES;
				CLANG_ENABLE_OBJC_ARC = YES;
				CLANG_WARN_BOOL_CONVERSION = YES;
				CLANG_WARN_CONSTANT_CONVERSION = YES;
				CLANG_WARN_DIRECT_OBJC_ISA_USAGE = YES_ERROR;
				CLANG_WARN_EMPTY_BODY = YES;
				CLANG_WARN_ENUM_CONVERSION = YES;
				CLANG_WARN_INT_CONVERSION = YES;
				CLANG_WARN_OBJC_ROOT_CLASS = YES_ERROR;
				CLANG_WARN_UNREACHABLE_CODE = YES;
				CLANG_WARN__DUPLICATE_METHOD_MATCH = YES;
				"CODE_SIGN_IDENTITY[sdk=iphoneos*]" = "iPhone Developer";
				COPY_PHASE_STRIP = NO;
				ENABLE_STRICT_OBJC_MSGSEND = YES;
				GCC_C_LANGUAGE_STANDARD = gnu99;
				GCC_DYNAMIC_NO_PIC = NO;
				GCC_OPTIMIZATION_LEVEL = 0;
				GCC_PREPROCESSOR_DEFINITIONS = (
					"DEBUG=1",
					"$(inherited)",
				);
				GCC_SYMBOLS_PRIVATE_EXTERN = NO;
				GCC_WARN_64_TO_32_BIT_CONVERSION = YES;
				GCC_WARN_ABOUT_RETURN_TYPE = YES_ERROR;
				GCC_WARN_UNDECLARED_SELECTOR = YES;
				GCC_WARN_UNINITIALIZED_AUTOS = YES_AGGRESSIVE;
				GCC_WARN_UNUSED_FUNCTION = YES;
				GCC_WARN_UNUSED_VARIABLE = YES;
				IPHONEOS_DEPLOYMENT_TARGET = 8.1;
				MTL_ENABLE_DEBUG_INFO = YES;
				ONLY_ACTIVE_ARCH = YES;
				SDKROOT = iphoneos;
				TARGETED_DEVICE_FAMILY = "1,2";
			};
			name = Debug;
		};
		F761F1AD1AB08F270072382A /* Release */ = {
			isa = XCBuildConfiguration;
			buildSettings = {
				ALWAYS_SEARCH_USER_PATHS = NO;
				CLANG_CXX_LANGUAGE_STANDARD = "gnu++0x";
				CLANG_CXX_LIBRARY = "libc++";
				CLANG_ENABLE_MODULES = YES;
				CLANG_ENABLE_OBJC_ARC = YES;
				CLANG_WARN_BOOL_CONVERSION = YES;
				CLANG_WARN_CONSTANT_CONVERSION = YES;
				CLANG_WARN_DIRECT_OBJC_ISA_USAGE = YES_ERROR;
				CLANG_WARN_EMPTY_BODY = YES;
				CLANG_WARN_ENUM_CONVERSION = YES;
				CLANG_WARN_INT_CONVERSION = YES;
				CLANG_WARN_OBJC_ROOT_CLASS = YES_ERROR;
				CLANG_WARN_UNREACHABLE_CODE = YES;
				CLANG_WARN__DUPLICATE_METHOD_MATCH = YES;
				"CODE_SIGN_IDENTITY[sdk=iphoneos*]" = "iPhone Developer";
				COPY_PHASE_STRIP = YES;
				ENABLE_NS_ASSERTIONS = NO;
				ENABLE_STRICT_OBJC_MSGSEND = YES;
				GCC_C_LANGUAGE_STANDARD = gnu99;
				GCC_WARN_64_TO_32_BIT_CONVERSION = YES;
				GCC_WARN_ABOUT_RETURN_TYPE = YES_ERROR;
				GCC_WARN_UNDECLARED_SELECTOR = YES;
				GCC_WARN_UNINITIALIZED_AUTOS = YES_AGGRESSIVE;
				GCC_WARN_UNUSED_FUNCTION = YES;
				GCC_WARN_UNUSED_VARIABLE = YES;
				IPHONEOS_DEPLOYMENT_TARGET = 8.1;
				MTL_ENABLE_DEBUG_INFO = NO;
				SDKROOT = iphoneos;
				TARGETED_DEVICE_FAMILY = "1,2";
				VALIDATE_PRODUCT = YES;
			};
			name = Release;
		};
		F761F1AF1AB08F270072382A /* Debug */ = {
			isa = XCBuildConfiguration;
			buildSettings = {
				ASSETCATALOG_COMPILER_APPICON_NAME = AppIcon;
				CODE_SIGN_IDENTITY = "iPhone Developer";
				"CODE_SIGN_IDENTITY[sdk=iphoneos*]" = "iPhone Developer";
				HEADER_SEARCH_PATHS = (
					"$(inherited)",
					/Applications/Xcode.app/Contents/Developer/Toolchains/XcodeDefault.xctoolchain/usr/include,
					"\"$(SRCROOT)/libs/WhirlyGlobeMaply/WhirlyGlobeSrc/WhirlyGlobe-MaplyComponent/include/\"",
					"\"$(SRCROOT)/libs/WhirlyGlobeMaply/third-party/KissXML/\"",
					/usr/include/libxml2/,
				);
				INFOPLIST_FILE = WMSViewer/Info.plist;
				LD_RUNPATH_SEARCH_PATHS = "$(inherited) @executable_path/Frameworks";
				PRODUCT_NAME = "$(TARGET_NAME)";
				PROVISIONING_PROFILE = "";
			};
			name = Debug;
		};
		F761F1B01AB08F270072382A /* Release */ = {
			isa = XCBuildConfiguration;
			buildSettings = {
				ASSETCATALOG_COMPILER_APPICON_NAME = AppIcon;
				CODE_SIGN_IDENTITY = "iPhone Developer";
				"CODE_SIGN_IDENTITY[sdk=iphoneos*]" = "iPhone Developer";
				HEADER_SEARCH_PATHS = (
					"$(inherited)",
					/Applications/Xcode.app/Contents/Developer/Toolchains/XcodeDefault.xctoolchain/usr/include,
					"\"$(SRCROOT)/libs/WhirlyGlobeMaply/WhirlyGlobeSrc/WhirlyGlobe-MaplyComponent/include/\"",
					"\"$(SRCROOT)/libs/WhirlyGlobeMaply/third-party/KissXML/\"",
					/usr/include/libxml2/,
				);
				INFOPLIST_FILE = WMSViewer/Info.plist;
				LD_RUNPATH_SEARCH_PATHS = "$(inherited) @executable_path/Frameworks";
				PRODUCT_NAME = "$(TARGET_NAME)";
				PROVISIONING_PROFILE = "";
			};
			name = Release;
		};
		F761F1B21AB08F270072382A /* Debug */ = {
			isa = XCBuildConfiguration;
			buildSettings = {
				BUNDLE_LOADER = "$(TEST_HOST)";
				FRAMEWORK_SEARCH_PATHS = (
					"$(SDKROOT)/Developer/Library/Frameworks",
					"$(inherited)",
				);
				GCC_PREPROCESSOR_DEFINITIONS = (
					"DEBUG=1",
					"$(inherited)",
				);
				INFOPLIST_FILE = WMSViewerTests/Info.plist;
				LD_RUNPATH_SEARCH_PATHS = "$(inherited) @executable_path/Frameworks @loader_path/Frameworks";
				PRODUCT_NAME = "$(TARGET_NAME)";
				TEST_HOST = "$(BUILT_PRODUCTS_DIR)/WMSViewer.app/WMSViewer";
			};
			name = Debug;
		};
		F761F1B31AB08F270072382A /* Release */ = {
			isa = XCBuildConfiguration;
			buildSettings = {
				BUNDLE_LOADER = "$(TEST_HOST)";
				FRAMEWORK_SEARCH_PATHS = (
					"$(SDKROOT)/Developer/Library/Frameworks",
					"$(inherited)",
				);
				INFOPLIST_FILE = WMSViewerTests/Info.plist;
				LD_RUNPATH_SEARCH_PATHS = "$(inherited) @executable_path/Frameworks @loader_path/Frameworks";
				PRODUCT_NAME = "$(TARGET_NAME)";
				TEST_HOST = "$(BUILT_PRODUCTS_DIR)/WMSViewer.app/WMSViewer";
			};
			name = Release;
		};
/* End XCBuildConfiguration section */

/* Begin XCConfigurationList section */
		F761F1861AB08F270072382A /* Build configuration list for PBXProject "WMSViewer" */ = {
			isa = XCConfigurationList;
			buildConfigurations = (
				F761F1AC1AB08F270072382A /* Debug */,
				F761F1AD1AB08F270072382A /* Release */,
			);
			defaultConfigurationIsVisible = 0;
			defaultConfigurationName = Release;
		};
		F761F1AE1AB08F270072382A /* Build configuration list for PBXNativeTarget "WMSViewer" */ = {
			isa = XCConfigurationList;
			buildConfigurations = (
				F761F1AF1AB08F270072382A /* Debug */,
				F761F1B01AB08F270072382A /* Release */,
			);
			defaultConfigurationIsVisible = 0;
			defaultConfigurationName = Release;
		};
		F761F1B11AB08F270072382A /* Build configuration list for PBXNativeTarget "WMSViewerTests" */ = {
			isa = XCConfigurationList;
			buildConfigurations = (
				F761F1B21AB08F270072382A /* Debug */,
				F761F1B31AB08F270072382A /* Release */,
			);
			defaultConfigurationIsVisible = 0;
			defaultConfigurationName = Release;
		};
/* End XCConfigurationList section */
	};
	rootObject = F761F1831AB08F270072382A /* Project object */;
}
